
Microsoft Visual Studio Solution File, Format Version 12.00
# Visual Studio 15
VisualStudioVersion = 15.0.28010.2050
MinimumVisualStudioVersion = 10.0.40219.1
Project("{9A19103F-16F7-4668-BE54-9A1E7A4F7556}") = "EDC.MachineLearning.Samples.ImageRecognition", "EDC.MachineLearning.Samples.ImageRecognition\EDC.MachineLearning.Samples.ImageRecognition.csproj", "{148F0D3A-66B9-489E-AEA0-D98CA94A1223}"
EndProject
Global
	GlobalSection(SolutionConfigurationPlatforms) = preSolution
		Debug|Any CPU = Debug|Any CPU
		Release|Any CPU = Release|Any CPU
	EndGlobalSection
	GlobalSection(ProjectConfigurationPlatforms) = postSolution
		{148F0D3A-66B9-489E-AEA0-D98CA94A1223}.Debug|Any CPU.ActiveCfg = Debug|Any CPU
		{148F0D3A-66B9-489E-AEA0-D98CA94A1223}.Debug|Any CPU.Build.0 = Debug|Any CPU
		{148F0D3A-66B9-489E-AEA0-D98CA94A1223}.Release|Any CPU.ActiveCfg = Release|Any CPU
		{148F0D3A-66B9-489E-AEA0-D98CA94A1223}.Release|Any CPU.Build.0 = Release|Any CPU
	EndGlobalSection
	GlobalSection(SolutionProperties) = preSolution
		HideSolutionNode = FALSE
	EndGlobalSection
	GlobalSection(ExtensibilityGlobals) = postSolution
		SolutionGuid = {3BC489A8-745D-42EB-9AF1-294C1A725125}
	EndGlobalSection
EndGlobal
